
Microsoft Visual Studio Solution File, Format Version 12.00
# Visual Studio 15
VisualStudioVersion = 15.0.26124.0
MinimumVisualStudioVersion = 15.0.26124.0
Project("{FAE04EC0-301F-11D3-BF4B-00C04F79EFBC}") = "RestApi", "RestApi\RestApi.csproj", "{86C123CF-F5C9-48F7-A2DA-3112F066C4E7}"
EndProject
Project("{FAE04EC0-301F-11D3-BF4B-00C04F79EFBC}") = "RestApi.Test", "RestApi.Test\RestApi.Test.csproj", "{DA2C7AB4-1F4E-46FB-B674-83A317FB1911}"
EndProject
Global
	GlobalSection(SolutionConfigurationPlatforms) = preSolution
		Debug|Any CPU = Debug|Any CPU
		Debug|x64 = Debug|x64
		Debug|x86 = Debug|x86
		Release|Any CPU = Release|Any CPU
		Release|x64 = Release|x64
		Release|x86 = Release|x86
	EndGlobalSection
	GlobalSection(SolutionProperties) = preSolution
		HideSolutionNode = FALSE
	EndGlobalSection
	GlobalSection(ProjectConfigurationPlatforms) = postSolution
		{86C123CF-F5C9-48F7-A2DA-3112F066C4E7}.Debug|Any CPU.ActiveCfg = Debug|Any CPU
		{86C123CF-F5C9-48F7-A2DA-3112F066C4E7}.Debug|Any CPU.Build.0 = Debug|Any CPU
		{86C123CF-F5C9-48F7-A2DA-3112F066C4E7}.Debug|x64.ActiveCfg = Debug|Any CPU
		{86C123CF-F5C9-48F7-A2DA-3112F066C4E7}.Debug|x64.Build.0 = Debug|Any CPU
		{86C123CF-F5C9-48F7-A2DA-3112F066C4E7}.Debug|x86.ActiveCfg = Debug|Any CPU
		{86C123CF-F5C9-48F7-A2DA-3112F066C4E7}.Debug|x86.Build.0 = Debug|Any CPU
		{86C123CF-F5C9-48F7-A2DA-3112F066C4E7}.Release|Any CPU.ActiveCfg = Release|Any CPU
		{86C123CF-F5C9-48F7-A2DA-3112F066C4E7}.Release|Any CPU.Build.0 = Release|Any CPU
		{86C123CF-F5C9-48F7-A2DA-3112F066C4E7}.Release|x64.ActiveCfg = Release|Any CPU
		{86C123CF-F5C9-48F7-A2DA-3112F066C4E7}.Release|x64.Build.0 = Release|Any CPU
		{86C123CF-F5C9-48F7-A2DA-3112F066C4E7}.Release|x86.ActiveCfg = Release|Any CPU
		{86C123CF-F5C9-48F7-A2DA-3112F066C4E7}.Release|x86.Build.0 = Release|Any CPU
		{DA2C7AB4-1F4E-46FB-B674-83A317FB1911}.Debug|Any CPU.ActiveCfg = Debug|Any CPU
		{DA2C7AB4-1F4E-46FB-B674-83A317FB1911}.Debug|Any CPU.Build.0 = Debug|Any CPU
		{DA2C7AB4-1F4E-46FB-B674-83A317FB1911}.Debug|x64.ActiveCfg = Debug|Any CPU
		{DA2C7AB4-1F4E-46FB-B674-83A317FB1911}.Debug|x64.Build.0 = Debug|Any CPU
		{DA2C7AB4-1F4E-46FB-B674-83A317FB1911}.Debug|x86.ActiveCfg = Debug|Any CPU
		{DA2C7AB4-1F4E-46FB-B674-83A317FB1911}.Debug|x86.Build.0 = Debug|Any CPU
		{DA2C7AB4-1F4E-46FB-B674-83A317FB1911}.Release|Any CPU.ActiveCfg = Release|Any CPU
		{DA2C7AB4-1F4E-46FB-B674-83A317FB1911}.Release|Any CPU.Build.0 = Release|Any CPU
		{DA2C7AB4-1F4E-46FB-B674-83A317FB1911}.Release|x64.ActiveCfg = Release|Any CPU
		{DA2C7AB4-1F4E-46FB-B674-83A317FB1911}.Release|x64.Build.0 = Release|Any CPU
		{DA2C7AB4-1F4E-46FB-B674-83A317FB1911}.Release|x86.ActiveCfg = Release|Any CPU
		{DA2C7AB4-1F4E-46FB-B674-83A317FB1911}.Release|x86.Build.0 = Release|Any CPU
	EndGlobalSection
EndGlobal
